
Microsoft Visual Studio Solution File, Format Version 12.00
# Visual Studio 15
VisualStudioVersion = 15.0.28307.2017
MinimumVisualStudioVersion = 10.0.40219.1
Project("{FAE04EC0-301F-11D3-BF4B-00C04F79EFBC}") = "Nathalia_Escola", "Nathalia_Escola\Nathalia_Escola.csproj", "{5C035FDC-4295-49F6-B6F4-F8EECD90A645}"
EndProject
Global
	GlobalSection(SolutionConfigurationPlatforms) = preSolution
		Debug|Any CPU = Debug|Any CPU
		Release|Any CPU = Release|Any CPU
	EndGlobalSection
	GlobalSection(ProjectConfigurationPlatforms) = postSolution
		{5C035FDC-4295-49F6-B6F4-F8EECD90A645}.Debug|Any CPU.ActiveCfg = Debug|Any CPU
		{5C035FDC-4295-49F6-B6F4-F8EECD90A645}.Debug|Any CPU.Build.0 = Debug|Any CPU
		{5C035FDC-4295-49F6-B6F4-F8EECD90A645}.Release|Any CPU.ActiveCfg = Release|Any CPU
		{5C035FDC-4295-49F6-B6F4-F8EECD90A645}.Release|Any CPU.Build.0 = Release|Any CPU
	EndGlobalSection
	GlobalSection(SolutionProperties) = preSolution
		HideSolutionNode = FALSE
	EndGlobalSection
	GlobalSection(ExtensibilityGlobals) = postSolution
		SolutionGuid = {58DAE7C7-ACE0-4AEC-A4B9-CA9E6CDA015A}
	EndGlobalSection
EndGlobal
